// !$*UTF8*$!
{
	archiveVersion = 1;
	classes = {
	};
	objectVersion = 56;
	objects = {

/* Begin PBXBuildFile section */
		03AA9BC7304FC08700518614 /* main.swift in Sources */ = {isa = PBXBuildFile; fileRef = 03AA9BC6304FC08700518614 /* main.swift */; };
		03AA9BCF304FC0C400518614 /* generate.c in Sources */ = {isa = PBXBuildFile; fileRef = 03AA9BCE304FC0C400518614 /* generate.c */; };
		03AA9BD3304FC13E00518614 /* inventory.cpp in Sources */ = {isa = PBXBuildFile; fileRef = 03AA9BD1304FC13E00518614 /* inventory.cpp */; };
		03AA9BD6304FD86500518614 /* cFunctions.c in Sources */ = {isa = PBXBuildFile; fileRef = 03AA9BD5304FD86500518614 /* cFunctions.c */; };
		03AA9BD83052761900518614 /* Functions.swift in Sources */ = {isa = PBXBuildFile; fileRef = 03AA9BD73052761900518614 /* Functions.swift */; };
		03AA9BDC305281E500518614 /* ObjInventory.mm in Sources */ = {isa = PBXBuildFile; fileRef = 03AA9BDB305281E500518614 /* ObjInventory.mm */; };
/* End PBXBuildFile section */

/* Begin PBXCopyFilesBuildPhase section */
		03AA9BC1304FC08700518614 /* CopyFiles */ = {
			isa = PBXCopyFilesBuildPhase;
			buildActionMask = 2147483647;
			dstPath = /usr/share/man/man1/;
			dstSubfolderSpec = 0;
			files = (
			);
			runOnlyForDeploymentPostprocessing = 1;
		};
/* End PBXCopyFilesBuildPhase section */

/* Begin PBXFileReference section */
		03AA9BC3304FC08700518614 /* Dungeons */ = {isa = PBXFileReference; explicitFileType = "compiled.mach-o.executable"; includeInIndex = 0; path = Dungeons; sourceTree = BUILT_PRODUCTS_DIR; };
		03AA9BC6304FC08700518614 /* main.swift */ = {isa = PBXFileReference; lastKnownFileType = sourcecode.swift; path = main.swift; sourceTree = "<group>"; };
		03AA9BCD304FC0C300518614 /* Dungeons-Bridging-Header.h */ = {isa = PBXFileReference; lastKnownFileType = sourcecode.c.h; path = "Dungeons-Bridging-Header.h"; sourceTree = "<group>"; };
		03AA9BCE304FC0C400518614 /* generate.c */ = {isa = PBXFileReference; fileEncoding = 4; lastKnownFileType = sourcecode.c.c; path = generate.c; sourceTree = "<group>"; };
		03AA9BD0304FC0CD00518614 /* generate.h */ = {isa = PBXFileReference; lastKnownFileType = sourcecode.c.h; path = generate.h; sourceTree = "<group>"; };
		03AA9BD1304FC13E00518614 /* inventory.cpp */ = {isa = PBXFileReference; lastKnownFileType = sourcecode.cpp.cpp; path = inventory.cpp; sourceTree = "<group>"; };
		03AA9BD2304FC13E00518614 /* inventory.hpp */ = {isa = PBXFileReference; lastKnownFileType = sourcecode.cpp.h; path = inventory.hpp; sourceTree = "<group>"; };
		03AA9BD4304FD86500518614 /* cFunctions.h */ = {isa = PBXFileReference; lastKnownFileType = sourcecode.c.h; path = cFunctions.h; sourceTree = "<group>"; };
		03AA9BD5304FD86500518614 /* cFunctions.c */ = {isa = PBXFileReference; lastKnownFileType = sourcecode.c.c; path = cFunctions.c; sourceTree = "<group>"; };
		03AA9BD73052761900518614 /* Functions.swift */ = {isa = PBXFileReference; lastKnownFileType = sourcecode.swift; path = Functions.swift; sourceTree = "<group>"; };
		03AA9BDB305281E500518614 /* ObjInventory.mm */ = {isa = PBXFileReference; fileEncoding = 4; lastKnownFileType = sourcecode.cpp.objcpp; path = ObjInventory.mm; sourceTree = "<group>"; };
		03AA9BDD305281FC00518614 /* ObjInventory.h */ = {isa = PBXFileReference; lastKnownFileType = sourcecode.c.h; path = ObjInventory.h; sourceTree = "<group>"; };
/* End PBXFileReference section */

/* Begin PBXFrameworksBuildPhase section */
		03AA9BC0304FC08700518614 /* Frameworks */ = {
			isa = PBXFrameworksBuildPhase;
			buildActionMask = 2147483647;
			files = (
			);
			runOnlyForDeploymentPostprocessing = 0;
		};
/* End PBXFrameworksBuildPhase section */

/* Begin PBXGroup section */
		03AA9BBA304FC08700518614 = {
			isa = PBXGroup;
			children = (
				03AA9BDD305281FC00518614 /* ObjInventory.h */,
				03AA9BD73052761900518614 /* Functions.swift */,
				03AA9BD4304FD86500518614 /* cFunctions.h */,
				03AA9BD5304FD86500518614 /* cFunctions.c */,
				03AA9BD1304FC13E00518614 /* inventory.cpp */,
				03AA9BD2304FC13E00518614 /* inventory.hpp */,
				03AA9BD0304FC0CD00518614 /* generate.h */,
				03AA9BCE304FC0C400518614 /* generate.c */,
				03AA9BC5304FC08700518614 /* Dungeons */,
				03AA9BC4304FC08700518614 /* Products */,
				03AA9BCD304FC0C300518614 /* Dungeons-Bridging-Header.h */,
				03AA9BDB305281E500518614 /* ObjInventory.mm */,
			);
			sourceTree = "<group>";
		};
		03AA9BC4304FC08700518614 /* Products */ = {
			isa = PBXGroup;
			children = (
				03AA9BC3304FC08700518614 /* Dungeons */,
			);
			name = Products;
			sourceTree = "<group>";
		};
		03AA9BC5304FC08700518614 /* Dungeons */ = {
			isa = PBXGroup;
			children = (
				03AA9BC6304FC08700518614 /* main.swift */,
			);
			path = Dungeons;
			sourceTree = "<group>";
		};
/* End PBXGroup section */

/* Begin PBXNativeTarget section */
		03AA9BC2304FC08700518614 /* Dungeons */ = {
			isa = PBXNativeTarget;
			buildConfigurationList = 03AA9BCA304FC08700518614 /* Build configuration list for PBXNativeTarget "Dungeons" */;
			buildPhases = (
				03AA9BBF304FC08700518614 /* Sources */,
				03AA9BC0304FC08700518614 /* Frameworks */,
				03AA9BC1304FC08700518614 /* CopyFiles */,
			);
			buildRules = (
			);
			dependencies = (
			);
			name = Dungeons;
			productName = Dungeons;
			productReference = 03AA9BC3304FC08700518614 /* Dungeons */;
			productType = "com.apple.product-type.tool";
		};
/* End PBXNativeTarget section */

/* Begin PBXProject section */
		03AA9BBB304FC08700518614 /* Project object */ = {
			isa = PBXProject;
			attributes = {
				BuildIndependentTargetsInParallel = 1;
				LastSwiftUpdateCheck = 1420;
				LastUpgradeCheck = 1420;
				TargetAttributes = {
					03AA9BC2304FC08700518614 = {
						CreatedOnToolsVersion = 14.2;
						LastSwiftMigration = 1420;
					};
				};
			};
			buildConfigurationList = 03AA9BBE304FC08700518614 /* Build configuration list for PBXProject "Dungeons" */;
			compatibilityVersion = "Xcode 14.0";
			developmentRegion = en;
			hasScannedForEncodings = 0;
			knownRegions = (
				en,
				Base,
			);
			mainGroup = 03AA9BBA304FC08700518614;
			productRefGroup = 03AA9BC4304FC08700518614 /* Products */;
			projectDirPath = "";
			projectRoot = "";
			targets = (
				03AA9BC2304FC08700518614 /* Dungeons */,
			);
		};
/* End PBXProject section */

/* Begin PBXSourcesBuildPhase section */
		03AA9BBF304FC08700518614 /* Sources */ = {
			isa = PBXSourcesBuildPhase;
			buildActionMask = 2147483647;
			files = (
				03AA9BDC305281E500518614 /* ObjInventory.mm in Sources */,
				03AA9BCF304FC0C400518614 /* generate.c in Sources */,
				03AA9BD6304FD86500518614 /* cFunctions.c in Sources */,
				03AA9BC7304FC08700518614 /* main.swift in Sources */,
				03AA9BD83052761900518614 /* Functions.swift in Sources */,
				03AA9BD3304FC13E00518614 /* inventory.cpp in Sources */,
			);
			runOnlyForDeploymentPostprocessing = 0;
		};
/* End PBXSourcesBuildPhase section */

/* Begin XCBuildConfiguration section */
		03AA9BC8304FC08700518614 /* Debug */ = {
			isa = XCBuildConfiguration;
			buildSettings = {
				ALWAYS_SEARCH_USER_PATHS = NO;
				CLANG_ANALYZER_NONNULL = YES;
				CLANG_ANALYZER_NUMBER_OBJECT_CONVERSION = YES_AGGRESSIVE;
				CLANG_CXX_LANGUAGE_STANDARD = "gnu++20";
				CLANG_ENABLE_MODULES = YES;
				CLANG_ENABLE_OBJC_ARC = YES;
				CLANG_ENABLE_OBJC_WEAK = YES;
				CLANG_WARN_BLOCK_CAPTURE_AUTORELEASING = YES;
				CLANG_WARN_BOOL_CONVERSION = YES;
				CLANG_WARN_COMMA = YES;
				CLANG_WARN_CONSTANT_CONVERSION = YES;
				CLANG_WARN_DEPRECATED_OBJC_IMPLEMENTATIONS = YES;
				CLANG_WARN_DIRECT_OBJC_ISA_USAGE = YES_ERROR;
				CLANG_WARN_DOCUMENTATION_COMMENTS = YES;
				CLANG_WARN_EMPTY_BODY = YES;
				CLANG_WARN_ENUM_CONVERSION = YES;
				CLANG_WARN_INFINITE_RECURSION = YES;
				CLANG_WARN_INT_CONVERSION = YES;
				CLANG_WARN_NON_LITERAL_NULL_CONVERSION = YES;
				CLANG_WARN_OBJC_IMPLICIT_RETAIN_SELF = YES;
				CLANG_WARN_OBJC_LITERAL_CONVERSION = YES;
				CLANG_WARN_OBJC_ROOT_CLASS = YES_ERROR;
				CLANG_WARN_QUOTED_INCLUDE_IN_FRAMEWORK_HEADER = YES;
				CLANG_WARN_RANGE_LOOP_ANALYSIS = YES;
				CLANG_WARN_STRICT_PROTOTYPES = YES;
				CLANG_WARN_SUSPICIOUS_MOVE = YES;
				CLANG_WARN_UNGUARDED_AVAILABILITY = YES_AGGRESSIVE;
				CLANG_WARN_UNREACHABLE_CODE = YES;
				CLANG_WARN__DUPLICATE_METHOD_MATCH = YES;
				COPY_PHASE_STRIP = NO;
				DEBUG_INFORMATION_FORMAT = dwarf;
				ENABLE_STRICT_OBJC_MSGSEND = YES;
				ENABLE_TESTABILITY = YES;
				GCC_C_LANGUAGE_STANDARD = gnu11;
				GCC_DYNAMIC_NO_PIC = NO;
				GCC_NO_COMMON_BLOCKS = YES;
				GCC_OPTIMIZATION_LEVEL = 0;
				GCC_PREPROCESSOR_DEFINITIONS = (
					"DEBUG=1",
					"$(inherited)",
				);
				GCC_WARN_64_TO_32_BIT_CONVERSION = YES;
				GCC_WARN_ABOUT_RETURN_TYPE = YES_ERROR;
				GCC_WARN_UNDECLARED_SELECTOR = YES;
				GCC_WARN_UNINITIALIZED_AUTOS = YES_AGGRESSIVE;
				GCC_WARN_UNUSED_FUNCTION = YES;
				GCC_WARN_UNUSED_VARIABLE = YES;
				MACOSX_DEPLOYMENT_TARGET = 12.7;
				MTL_ENABLE_DEBUG_INFO = INCLUDE_SOURCE;
				MTL_FAST_MATH = YES;
				ONLY_ACTIVE_ARCH = YES;
				SDKROOT = macosx;
				SWIFT_ACTIVE_COMPILATION_CONDITIONS = DEBUG;
				SWIFT_OPTIMIZATION_LEVEL = "-Onone";
			};
			name = Debug;
		};
		03AA9BC9304FC08700518614 /* Release */ = {
			isa = XCBuildConfiguration;
			buildSettings = {
				ALWAYS_SEARCH_USER_PATHS = NO;
				CLANG_ANALYZER_NONNULL = YES;
				CLANG_ANALYZER_NUMBER_OBJECT_CONVERSION = YES_AGGRESSIVE;
				CLANG_CXX_LANGUAGE_STANDARD = "gnu++20";
				CLANG_ENABLE_MODULES = YES;
				CLANG_ENABLE_OBJC_ARC = YES;
				CLANG_ENABLE_OBJC_WEAK = YES;
				CLANG_WARN_BLOCK_CAPTURE_AUTORELEASING = YES;
				CLANG_WARN_BOOL_CONVERSION = YES;
				CLANG_WARN_COMMA = YES;
				CLANG_WARN_CONSTANT_CONVERSION = YES;
				CLANG_WARN_DEPRECATED_OBJC_IMPLEMENTATIONS = YES;
				CLANG_WARN_DIRECT_OBJC_ISA_USAGE = YES_ERROR;
				CLANG_WARN_DOCUMENTATION_COMMENTS = YES;
				CLANG_WARN_EMPTY_BODY = YES;
				CLANG_WARN_ENUM_CONVERSION = YES;
				CLANG_WARN_INFINITE_RECURSION = YES;
				CLANG_WARN_INT_CONVERSION = YES;
				CLANG_WARN_NON_LITERAL_NULL_CONVERSION = YES;
				CLANG_WARN_OBJC_IMPLICIT_RETAIN_SELF = YES;
				CLANG_WARN_OBJC_LITERAL_CONVERSION = YES;
				CLANG_WARN_OBJC_ROOT_CLASS = YES_ERROR;
				CLANG_WARN_QUOTED_INCLUDE_IN_FRAMEWORK_HEADER = YES;
				CLANG_WARN_RANGE_LOOP_ANALYSIS = YES;
				CLANG_WARN_STRICT_PROTOTYPES = YES;
				CLANG_WARN_SUSPICIOUS_MOVE = YES;
				CLANG_WARN_UNGUARDED_AVAILABILITY = YES_AGGRESSIVE;
				CLANG_WARN_UNREACHABLE_CODE = YES;
				CLANG_WARN__DUPLICATE_METHOD_MATCH = YES;
				COPY_PHASE_STRIP = NO;
				DEBUG_INFORMATION_FORMAT = "dwarf-with-dsym";
				ENABLE_NS_ASSERTIONS = NO;
				ENABLE_STRICT_OBJC_MSGSEND = YES;
				GCC_C_LANGUAGE_STANDARD = gnu11;
				GCC_NO_COMMON_BLOCKS = YES;
				GCC_WARN_64_TO_32_BIT_CONVERSION = YES;
				GCC_WARN_ABOUT_RETURN_TYPE = YES_ERROR;
				GCC_WARN_UNDECLARED_SELECTOR = YES;
				GCC_WARN_UNINITIALIZED_AUTOS = YES_AGGRESSIVE;
				GCC_WARN_UNUSED_FUNCTION = YES;
				GCC_WARN_UNUSED_VARIABLE = YES;
				MACOSX_DEPLOYMENT_TARGET = 12.7;
				MTL_ENABLE_DEBUG_INFO = NO;
				MTL_FAST_MATH = YES;
				SDKROOT = macosx;
				SWIFT_COMPILATION_MODE = wholemodule;
				SWIFT_OPTIMIZATION_LEVEL = "-O";
			};
			name = Release;
		};
		03AA9BCB304FC08700518614 /* Debug */ = {
			isa = XCBuildConfiguration;
			buildSettings = {
				CLANG_ENABLE_MODULES = YES;
				CODE_SIGN_STYLE = Automatic;
				LD_RUNPATH_SEARCH_PATHS = (
					"$(inherited)",
					"@executable_path/../Frameworks",
					"@loader_path/../Frameworks",
				);
				PRODUCT_NAME = "$(TARGET_NAME)";
				SWIFT_OBJC_BRIDGING_HEADER = "Dungeons-Bridging-Header.h";
				SWIFT_OPTIMIZATION_LEVEL = "-Onone";
				SWIFT_VERSION = 5.0;
			};
			name = Debug;
		};
		03AA9BCC304FC08700518614 /* Release */ = {
			isa = XCBuildConfiguration;
			buildSettings = {
				CLANG_ENABLE_MODULES = YES;
				CODE_SIGN_STYLE = Automatic;
				LD_RUNPATH_SEARCH_PATHS = (
					"$(inherited)",
					"@executable_path/../Frameworks",
					"@loader_path/../Frameworks",
				);
				PRODUCT_NAME = "$(TARGET_NAME)";
				SWIFT_OBJC_BRIDGING_HEADER = "Dungeons-Bridging-Header.h";
				SWIFT_VERSION = 5.0;
			};
			name = Release;
		};
/* End XCBuildConfiguration section */

/* Begin XCConfigurationList section */
		03AA9BBE304FC08700518614 /* Build configuration list for PBXProject "Dungeons" */ = {
			isa = XCConfigurationList;
			buildConfigurations = (
				03AA9BC8304FC08700518614 /* Debug */,
				03AA9BC9304FC08700518614 /* Release */,
			);
			defaultConfigurationIsVisible = 0;
			defaultConfigurationName = Release;
		};
		03AA9BCA304FC08700518614 /* Build configuration list for PBXNativeTarget "Dungeons" */ = {
			isa = XCConfigurationList;
			buildConfigurations = (
				03AA9BCB304FC08700518614 /* Debug */,
				03AA9BCC304FC08700518614 /* Release */,
			);
			defaultConfigurationIsVisible = 0;
			defaultConfigurationName = Release;
		};
/* End XCConfigurationList section */
	};
	rootObject = 03AA9BBB304FC08700518614 /* Project object */;
}
